// !$*UTF8*$!
{
	archiveVersion = 1;
	classes = {
	};
	objectVersion = 77;
	objects = {

/* Begin PBXBuildFile section */
		0964536B8E0DF18689543D8E /* ThemeTests.swift in Sources */ = {isa = PBXBuildFile; fileRef = 16A40E5B482C922D4D39C895 /* ThemeTests.swift */; };
		1B2B48B44CC27B0F09817952 /* SidebarView.swift in Sources */ = {isa = PBXBuildFile; fileRef = B15A4F88F00C1B2681E36647 /* SidebarView.swift */; };
		2E3BDD8450A048601223FDEF /* Assets.xcassets in Resources */ = {isa = PBXBuildFile; fileRef = 18E13DC513DC94846F8578F2 /* Assets.xcassets */; };
		3F4F917C913DC38CDD91D1C7 /* NoteEditorView.swift in Sources */ = {isa = PBXBuildFile; fileRef = 3161D23867AAE9C033964760 /* NoteEditorView.swift */; };
		689CBF86F5D7790641493CD3 /* RootViewTests.swift in Sources */ = {isa = PBXBuildFile; fileRef = 5C3EFEF367F7035C7E4E2F22 /* RootViewTests.swift */; };
		6B591488E761B09198C8661C /* Theme.swift in Sources */ = {isa = PBXBuildFile; fileRef = 1CFCF1169CECD618FD1EACC6 /* Theme.swift */; };
		723F3FF0B44113FA9CF8A63C /* SmokeTests.swift in Sources */ = {isa = PBXBuildFile; fileRef = BD171FFDDD5FD610EA1B9E1C /* SmokeTests.swift */; };
		7B038380546D7B8F77B6BF6C /* NoteListView.swift in Sources */ = {isa = PBXBuildFile; fileRef = F6BC6A5F0DBDAB902A565D04 /* NoteListView.swift */; };
		7CB78E30DFBFED65F03D7011 /* SimpleNotesApp.swift in Sources */ = {isa = PBXBuildFile; fileRef = E4C182E07DDBF12873527C3F /* SimpleNotesApp.swift */; };
		7F62042E27C19B72364B8626 /* Note.swift in Sources */ = {isa = PBXBuildFile; fileRef = 229FC6537480834C4B61AAD0 /* Note.swift */; };
		8ACE2831C08F8DFD1B0725B4 /* RootView.swift in Sources */ = {isa = PBXBuildFile; fileRef = 0A7E92A902B76F320BA86EFE /* RootView.swift */; };
		C1FC3F884B704A4F825E111F /* NoteModelTests.swift in Sources */ = {isa = PBXBuildFile; fileRef = 83D4185CC633B1FAC850CE8E /* NoteModelTests.swift */; };
/* End PBXBuildFile section */

/* Begin PBXContainerItemProxy section */
		4380D62E12E0AFC051F46AF1 /* PBXContainerItemProxy */ = {
			isa = PBXContainerItemProxy;
			containerPortal = 949F6D0E7EC9F7084025AD7E /* Project object */;
			proxyType = 1;
			remoteGlobalIDString = C751947E268154D010B35BCF;
			remoteInfo = SimpleNotes;
		};
/* End PBXContainerItemProxy section */

/* Begin PBXFileReference section */
		0A7E92A902B76F320BA86EFE /* RootView.swift */ = {isa = PBXFileReference; lastKnownFileType = sourcecode.swift; path = RootView.swift; sourceTree = "<group>"; };
		16A40E5B482C922D4D39C895 /* ThemeTests.swift */ = {isa = PBXFileReference; lastKnownFileType = sourcecode.swift; path = ThemeTests.swift; sourceTree = "<group>"; };
		18E13DC513DC94846F8578F2 /* Assets.xcassets */ = {isa = PBXFileReference; lastKnownFileType = folder.assetcatalog; path = Assets.xcassets; sourceTree = "<group>"; };
		1CFCF1169CECD618FD1EACC6 /* Theme.swift */ = {isa = PBXFileReference; lastKnownFileType = sourcecode.swift; path = Theme.swift; sourceTree = "<group>"; };
		229FC6537480834C4B61AAD0 /* Note.swift */ = {isa = PBXFileReference; lastKnownFileType = sourcecode.swift; path = Note.swift; sourceTree = "<group>"; };
		3161D23867AAE9C033964760 /* NoteEditorView.swift */ = {isa = PBXFileReference; lastKnownFileType = sourcecode.swift; path = NoteEditorView.swift; sourceTree = "<group>"; };
		5C3EFEF367F7035C7E4E2F22 /* RootViewTests.swift */ = {isa = PBXFileReference; lastKnownFileType = sourcecode.swift; path = RootViewTests.swift; sourceTree = "<group>"; };
		662F00B7E122E3718D452EBD /* Info.plist */ = {isa = PBXFileReference; lastKnownFileType = text.plist; path = Info.plist; sourceTree = "<group>"; };
		83D4185CC633B1FAC850CE8E /* NoteModelTests.swift */ = {isa = PBXFileReference; lastKnownFileType = sourcecode.swift; path = NoteModelTests.swift; sourceTree = "<group>"; };
		B15A4F88F00C1B2681E36647 /* SidebarView.swift */ = {isa = PBXFileReference; lastKnownFileType = sourcecode.swift; path = SidebarView.swift; sourceTree = "<group>"; };
		BD171FFDDD5FD610EA1B9E1C /* SmokeTests.swift */ = {isa = PBXFileReference; lastKnownFileType = sourcecode.swift; path = SmokeTests.swift; sourceTree = "<group>"; };
		BE4AC3F6868B72325DEDE84D /* SimpleNotes.app */ = {isa = PBXFileReference; includeInIndex = 0; lastKnownFileType = wrapper.application; path = SimpleNotes.app; sourceTree = BUILT_PRODUCTS_DIR; };
		E4C182E07DDBF12873527C3F /* SimpleNotesApp.swift */ = {isa = PBXFileReference; lastKnownFileType = sourcecode.swift; path = SimpleNotesApp.swift; sourceTree = "<group>"; };
		EA7748A0DCADC081A884AE77 /* SimpleNotesTests.xctest */ = {isa = PBXFileReference; includeInIndex = 0; lastKnownFileType = wrapper.cfbundle; path = SimpleNotesTests.xctest; sourceTree = BUILT_PRODUCTS_DIR; };
		F6BC6A5F0DBDAB902A565D04 /* NoteListView.swift */ = {isa = PBXFileReference; lastKnownFileType = sourcecode.swift; path = NoteListView.swift; sourceTree = "<group>"; };
/* End PBXFileReference section */

/* Begin PBXGroup section */
		0F8B9EB47418CBF5C9C4385E /* Resources */ = {
			isa = PBXGroup;
			children = (
				18E13DC513DC94846F8578F2 /* Assets.xcassets */,
				662F00B7E122E3718D452EBD /* Info.plist */,
			);
			path = Resources;
			sourceTree = "<group>";
		};
		299DB8BB267D40635F47B89B /* NoteList */ = {
			isa = PBXGroup;
			children = (
				F6BC6A5F0DBDAB902A565D04 /* NoteListView.swift */,
			);
			path = NoteList;
			sourceTree = "<group>";
		};
		305562F7E0A57FF03CBBB3A3 /* Models */ = {
			isa = PBXGroup;
			children = (
				229FC6537480834C4B61AAD0 /* Note.swift */,
			);
			path = Models;
			sourceTree = "<group>";
		};
		37DD50747733845748327929 /* Theme */ = {
			isa = PBXGroup;
			children = (
				1CFCF1169CECD618FD1EACC6 /* Theme.swift */,
			);
			path = Theme;
			sourceTree = "<group>";
		};
		5A3BFC8D1524F44235D8880E /* Sidebar */ = {
			isa = PBXGroup;
			children = (
				B15A4F88F00C1B2681E36647 /* SidebarView.swift */,
			);
			path = Sidebar;
			sourceTree = "<group>";
		};
		8282A2F3246EF683A19348CE /* Products */ = {
			isa = PBXGroup;
			children = (
				BE4AC3F6868B72325DEDE84D /* SimpleNotes.app */,
				EA7748A0DCADC081A884AE77 /* SimpleNotesTests.xctest */,
			);
			name = Products;
			sourceTree = "<group>";
		};
		83AA4F3C4AD93D79A393D570 /* App */ = {
			isa = PBXGroup;
			children = (
				0A7E92A902B76F320BA86EFE /* RootView.swift */,
				E4C182E07DDBF12873527C3F /* SimpleNotesApp.swift */,
			);
			path = App;
			sourceTree = "<group>";
		};
		B4EF2AF01950DE7ADAE5F7E9 = {
			isa = PBXGroup;
			children = (
				E70EA2405FC9FCBCFD8FAC59 /* SimpleNotes */,
				CED5D359511B058F234AC7B6 /* SimpleNotesTests */,
				8282A2F3246EF683A19348CE /* Products */,
			);
			sourceTree = "<group>";
		};
		C401E5DD5D4BA00271C95B96 /* Editor */ = {
			isa = PBXGroup;
			children = (
				3161D23867AAE9C033964760 /* NoteEditorView.swift */,
			);
			path = Editor;
			sourceTree = "<group>";
		};
		CCF0DF38D4DDBBE77D8E6728 /* Features */ = {
			isa = PBXGroup;
			children = (
				C401E5DD5D4BA00271C95B96 /* Editor */,
				299DB8BB267D40635F47B89B /* NoteList */,
				5A3BFC8D1524F44235D8880E /* Sidebar */,
			);
			path = Features;
			sourceTree = "<group>";
		};
		CED5D359511B058F234AC7B6 /* SimpleNotesTests */ = {
			isa = PBXGroup;
			children = (
				83D4185CC633B1FAC850CE8E /* NoteModelTests.swift */,
				5C3EFEF367F7035C7E4E2F22 /* RootViewTests.swift */,
				BD171FFDDD5FD610EA1B9E1C /* SmokeTests.swift */,
				16A40E5B482C922D4D39C895 /* ThemeTests.swift */,
			);
			path = SimpleNotesTests;
			sourceTree = "<group>";
		};
		E70EA2405FC9FCBCFD8FAC59 /* SimpleNotes */ = {
			isa = PBXGroup;
			children = (
				83AA4F3C4AD93D79A393D570 /* App */,
				CCF0DF38D4DDBBE77D8E6728 /* Features */,
				305562F7E0A57FF03CBBB3A3 /* Models */,
				0F8B9EB47418CBF5C9C4385E /* Resources */,
				37DD50747733845748327929 /* Theme */,
			);
			path = SimpleNotes;
			sourceTree = "<group>";
		};
/* End PBXGroup section */

/* Begin PBXNativeTarget section */
		C751947E268154D010B35BCF /* SimpleNotes */ = {
			isa = PBXNativeTarget;
			buildConfigurationList = 609971A5F70F2292F390FC93 /* Build configuration list for PBXNativeTarget "SimpleNotes" */;
			buildPhases = (
				42AB27C63CC104523E32D12C /* Sources */,
				DF74C9BCFA17DAB641C3A607 /* Resources */,
			);
			buildRules = (
			);
			dependencies = (
			);
			name = SimpleNotes;
			packageProductDependencies = (
			);
			productName = SimpleNotes;
			productReference = BE4AC3F6868B72325DEDE84D /* SimpleNotes.app */;
			productType = "com.apple.product-type.application";
		};
		DEC4E6A1BBDBAB69D6E95536 /* SimpleNotesTests */ = {
			isa = PBXNativeTarget;
			buildConfigurationList = F14CECF8986C3129417C3BBA /* Build configuration list for PBXNativeTarget "SimpleNotesTests" */;
			buildPhases = (
				D4F51D0D57A72DB5AA2B11DA /* Sources */,
			);
			buildRules = (
			);
			dependencies = (
				80552EBBEDEB7FDBAD6EEFC2 /* PBXTargetDependency */,
			);
			name = SimpleNotesTests;
			packageProductDependencies = (
			);
			productName = SimpleNotesTests;
			productReference = EA7748A0DCADC081A884AE77 /* SimpleNotesTests.xctest */;
			productType = "com.apple.product-type.bundle.unit-test";
		};
/* End PBXNativeTarget section */

/* Begin PBXProject section */
		949F6D0E7EC9F7084025AD7E /* Project object */ = {
			isa = PBXProject;
			attributes = {
				BuildIndependentTargetsInParallel = YES;
				LastUpgradeCheck = 1430;
				TargetAttributes = {
					C751947E268154D010B35BCF = {
						DevelopmentTeam = "";
						ProvisioningStyle = Automatic;
					};
					DEC4E6A1BBDBAB69D6E95536 = {
						DevelopmentTeam = "";
						ProvisioningStyle = Automatic;
					};
				};
			};
			buildConfigurationList = 0313DF411CFB863E933556CE /* Build configuration list for PBXProject "SimpleNotes" */;
			developmentRegion = en;
			hasScannedForEncodings = 0;
			knownRegions = (
				Base,
				en,
			);
			mainGroup = B4EF2AF01950DE7ADAE5F7E9;
			minimizedProjectReferenceProxies = 1;
			preferredProjectObjectVersion = 77;
			productRefGroup = 8282A2F3246EF683A19348CE /* Products */;
			projectDirPath = "";
			projectRoot = "";
			targets = (
				C751947E268154D010B35BCF /* SimpleNotes */,
				DEC4E6A1BBDBAB69D6E95536 /* SimpleNotesTests */,
			);
		};
/* End PBXProject section */

/* Begin PBXResourcesBuildPhase section */
		DF74C9BCFA17DAB641C3A607 /* Resources */ = {
			isa = PBXResourcesBuildPhase;
			buildActionMask = 2147483647;
			files = (
				2E3BDD8450A048601223FDEF /* Assets.xcassets in Resources */,
			);
			runOnlyForDeploymentPostprocessing = 0;
		};
/* End PBXResourcesBuildPhase section */

/* Begin PBXSourcesBuildPhase section */
		42AB27C63CC104523E32D12C /* Sources */ = {
			isa = PBXSourcesBuildPhase;
			buildActionMask = 2147483647;
			files = (
				7F62042E27C19B72364B8626 /* Note.swift in Sources */,
				3F4F917C913DC38CDD91D1C7 /* NoteEditorView.swift in Sources */,
				7B038380546D7B8F77B6BF6C /* NoteListView.swift in Sources */,
				8ACE2831C08F8DFD1B0725B4 /* RootView.swift in Sources */,
				1B2B48B44CC27B0F09817952 /* SidebarView.swift in Sources */,
				7CB78E30DFBFED65F03D7011 /* SimpleNotesApp.swift in Sources */,
				6B591488E761B09198C8661C /* Theme.swift in Sources */,
			);
			runOnlyForDeploymentPostprocessing = 0;
		};
		D4F51D0D57A72DB5AA2B11DA /* Sources */ = {
			isa = PBXSourcesBuildPhase;
			buildActionMask = 2147483647;
			files = (
				C1FC3F884B704A4F825E111F /* NoteModelTests.swift in Sources */,
				689CBF86F5D7790641493CD3 /* RootViewTests.swift in Sources */,
				723F3FF0B44113FA9CF8A63C /* SmokeTests.swift in Sources */,
				0964536B8E0DF18689543D8E /* ThemeTests.swift in Sources */,
			);
			runOnlyForDeploymentPostprocessing = 0;
		};
/* End PBXSourcesBuildPhase section */

/* Begin PBXTargetDependency section */
		80552EBBEDEB7FDBAD6EEFC2 /* PBXTargetDependency */ = {
			isa = PBXTargetDependency;
			target = C751947E268154D010B35BCF /* SimpleNotes */;
			targetProxy = 4380D62E12E0AFC051F46AF1 /* PBXContainerItemProxy */;
		};
/* End PBXTargetDependency section */

/* Begin XCBuildConfiguration section */
		424CDA5927FFF07FA6043112 /* Release */ = {
			isa = XCBuildConfiguration;
			buildSettings = {
				BUNDLE_LOADER = "$(TEST_HOST)";
				LD_RUNPATH_SEARCH_PATHS = (
					"$(inherited)",
					"@executable_path/Frameworks",
					"@loader_path/Frameworks",
				);
				PRODUCT_BUNDLE_IDENTIFIER = com.simplesuite.SimpleNotesTests;
				SDKROOT = iphoneos;
				TARGETED_DEVICE_FAMILY = "1,2";
				TEST_HOST = "$(BUILT_PRODUCTS_DIR)/SimpleNotes.app/SimpleNotes";
			};
			name = Release;
		};
		64B5A7BC2D2213F69FD891EC /* Debug */ = {
			isa = XCBuildConfiguration;
			buildSettings = {
				BUNDLE_LOADER = "$(TEST_HOST)";
				LD_RUNPATH_SEARCH_PATHS = (
					"$(inherited)",
					"@executable_path/Frameworks",
					"@loader_path/Frameworks",
				);
				PRODUCT_BUNDLE_IDENTIFIER = com.simplesuite.SimpleNotesTests;
				SDKROOT = iphoneos;
				TARGETED_DEVICE_FAMILY = "1,2";
				TEST_HOST = "$(BUILT_PRODUCTS_DIR)/SimpleNotes.app/SimpleNotes";
			};
			name = Debug;
		};
		6887526CB4767477983693B3 /* Release */ = {
			isa = XCBuildConfiguration;
			buildSettings = {
				ALWAYS_SEARCH_USER_PATHS = NO;
				CLANG_ANALYZER_NONNULL = YES;
				CLANG_ANALYZER_NUMBER_OBJECT_CONVERSION = YES_AGGRESSIVE;
				CLANG_CXX_LANGUAGE_STANDARD = "gnu++14";
				CLANG_CXX_LIBRARY = "libc++";
				CLANG_ENABLE_MODULES = YES;
				CLANG_ENABLE_OBJC_ARC = YES;
				CLANG_ENABLE_OBJC_WEAK = YES;
				CLANG_WARN_BLOCK_CAPTURE_AUTORELEASING = YES;
				CLANG_WARN_BOOL_CONVERSION = YES;
				CLANG_WARN_COMMA = YES;
				CLANG_WARN_CONSTANT_CONVERSION = YES;
				CLANG_WARN_DEPRECATED_OBJC_IMPLEMENTATIONS = YES;
				CLANG_WARN_DIRECT_OBJC_ISA_USAGE = YES_ERROR;
				CLANG_WARN_DOCUMENTATION_COMMENTS = YES;
				CLANG_WARN_EMPTY_BODY = YES;
				CLANG_WARN_ENUM_CONVERSION = YES;
				CLANG_WARN_INFINITE_RECURSION = YES;
				CLANG_WARN_INT_CONVERSION = YES;
				CLANG_WARN_NON_LITERAL_NULL_CONVERSION = YES;
				CLANG_WARN_OBJC_IMPLICIT_RETAIN_SELF = YES;
				CLANG_WARN_OBJC_LITERAL_CONVERSION = YES;
				CLANG_WARN_OBJC_ROOT_CLASS = YES_ERROR;
				CLANG_WARN_QUOTED_INCLUDE_IN_FRAMEWORK_HEADER = YES;
				CLANG_WARN_RANGE_LOOP_ANALYSIS = YES;
				CLANG_WARN_STRICT_PROTOTYPES = YES;
				CLANG_WARN_SUSPICIOUS_MOVE = YES;
				CLANG_WARN_UNGUARDED_AVAILABILITY = YES_AGGRESSIVE;
				CLANG_WARN_UNREACHABLE_CODE = YES;
				CLANG_WARN__DUPLICATE_METHOD_MATCH = YES;
				CODE_SIGN_STYLE = Automatic;
				COPY_PHASE_STRIP = NO;
				DEBUG_INFORMATION_FORMAT = "dwarf-with-dsym";
				DEVELOPMENT_TEAM = "";
				ENABLE_NS_ASSERTIONS = NO;
				ENABLE_STRICT_OBJC_MSGSEND = YES;
				ENABLE_USER_SCRIPT_SANDBOXING = YES;
				GCC_C_LANGUAGE_STANDARD = gnu11;
				GCC_NO_COMMON_BLOCKS = YES;
				GCC_WARN_64_TO_32_BIT_CONVERSION = YES;
				GCC_WARN_ABOUT_RETURN_TYPE = YES_ERROR;
				GCC_WARN_UNDECLARED_SELECTOR = YES;
				GCC_WARN_UNINITIALIZED_AUTOS = YES_AGGRESSIVE;
				GCC_WARN_UNUSED_FUNCTION = YES;
				GCC_WARN_UNUSED_VARIABLE = YES;
				GENERATE_INFOPLIST_FILE = YES;
				IPHONEOS_DEPLOYMENT_TARGET = 17.0;
				MTL_ENABLE_DEBUG_INFO = NO;
				MTL_FAST_MATH = YES;
				PRODUCT_NAME = "$(TARGET_NAME)";
				SDKROOT = iphoneos;
				SWIFT_COMPILATION_MODE = wholemodule;
				SWIFT_OPTIMIZATION_LEVEL = "-O";
				SWIFT_VERSION = 5.9;
			};
			name = Release;
		};
		79C4482752546478C9BDC2EE /* Debug */ = {
			isa = XCBuildConfiguration;
			buildSettings = {
				ASSETCATALOG_COMPILER_APPICON_NAME = AppIcon;
				ASSETCATALOG_COMPILER_GLOBAL_ACCENT_COLOR_NAME = AccentColor;
				CODE_SIGN_IDENTITY = "iPhone Developer";
				INFOPLIST_FILE = SimpleNotes/Resources/Info.plist;
				LD_RUNPATH_SEARCH_PATHS = (
					"$(inherited)",
					"@executable_path/Frameworks",
				);
				PRODUCT_BUNDLE_IDENTIFIER = com.simplesuite.notes;
				SDKROOT = iphoneos;
				SUPPORTS_MACCATALYST = NO;
				TARGETED_DEVICE_FAMILY = "1,2";
			};
			name = Debug;
		};
		FBE64970D53DFD8BD53CC0C8 /* Debug */ = {
			isa = XCBuildConfiguration;
			buildSettings = {
				ALWAYS_SEARCH_USER_PATHS = NO;
				CLANG_ANALYZER_NONNULL = YES;
				CLANG_ANALYZER_NUMBER_OBJECT_CONVERSION = YES_AGGRESSIVE;
				CLANG_CXX_LANGUAGE_STANDARD = "gnu++14";
				CLANG_CXX_LIBRARY = "libc++";
				CLANG_ENABLE_MODULES = YES;
				CLANG_ENABLE_OBJC_ARC = YES;
				CLANG_ENABLE_OBJC_WEAK = YES;
				CLANG_WARN_BLOCK_CAPTURE_AUTORELEASING = YES;
				CLANG_WARN_BOOL_CONVERSION = YES;
				CLANG_WARN_COMMA = YES;
				CLANG_WARN_CONSTANT_CONVERSION = YES;
				CLANG_WARN_DEPRECATED_OBJC_IMPLEMENTATIONS = YES;
				CLANG_WARN_DIRECT_OBJC_ISA_USAGE = YES_ERROR;
				CLANG_WARN_DOCUMENTATION_COMMENTS = YES;
				CLANG_WARN_EMPTY_BODY = YES;
				CLANG_WARN_ENUM_CONVERSION = YES;
				CLANG_WARN_INFINITE_RECURSION = YES;
				CLANG_WARN_INT_CONVERSION = YES;
				CLANG_WARN_NON_LITERAL_NULL_CONVERSION = YES;
				CLANG_WARN_OBJC_IMPLICIT_RETAIN_SELF = YES;
				CLANG_WARN_OBJC_LITERAL_CONVERSION = YES;
				CLANG_WARN_OBJC_ROOT_CLASS = YES_ERROR;
				CLANG_WARN_QUOTED_INCLUDE_IN_FRAMEWORK_HEADER = YES;
				CLANG_WARN_RANGE_LOOP_ANALYSIS = YES;
				CLANG_WARN_STRICT_PROTOTYPES = YES;
				CLANG_WARN_SUSPICIOUS_MOVE = YES;
				CLANG_WARN_UNGUARDED_AVAILABILITY = YES_AGGRESSIVE;
				CLANG_WARN_UNREACHABLE_CODE = YES;
				CLANG_WARN__DUPLICATE_METHOD_MATCH = YES;
				CODE_SIGN_STYLE = Automatic;
				COPY_PHASE_STRIP = NO;
				DEBUG_INFORMATION_FORMAT = dwarf;
				DEVELOPMENT_TEAM = "";
				ENABLE_STRICT_OBJC_MSGSEND = YES;
				ENABLE_TESTABILITY = YES;
				ENABLE_USER_SCRIPT_SANDBOXING = YES;
				GCC_C_LANGUAGE_STANDARD = gnu11;
				GCC_DYNAMIC_NO_PIC = NO;
				GCC_NO_COMMON_BLOCKS = YES;
				GCC_OPTIMIZATION_LEVEL = 0;
				GCC_PREPROCESSOR_DEFINITIONS = (
					"$(inherited)",
					"DEBUG=1",
				);
				GCC_WARN_64_TO_32_BIT_CONVERSION = YES;
				GCC_WARN_ABOUT_RETURN_TYPE = YES_ERROR;
				GCC_WARN_UNDECLARED_SELECTOR = YES;
				GCC_WARN_UNINITIALIZED_AUTOS = YES_AGGRESSIVE;
				GCC_WARN_UNUSED_FUNCTION = YES;
				GCC_WARN_UNUSED_VARIABLE = YES;
				GENERATE_INFOPLIST_FILE = YES;
				IPHONEOS_DEPLOYMENT_TARGET = 17.0;
				MTL_ENABLE_DEBUG_INFO = INCLUDE_SOURCE;
				MTL_FAST_MATH = YES;
				ONLY_ACTIVE_ARCH = YES;
				PRODUCT_NAME = "$(TARGET_NAME)";
				SDKROOT = iphoneos;
				SWIFT_ACTIVE_COMPILATION_CONDITIONS = DEBUG;
				SWIFT_OPTIMIZATION_LEVEL = "-Onone";
				SWIFT_VERSION = 5.9;
			};
			name = Debug;
		};
		FDE7B3F1C2348FDA73B417D2 /* Release */ = {
			isa = XCBuildConfiguration;
			buildSettings = {
				ASSETCATALOG_COMPILER_APPICON_NAME = AppIcon;
				ASSETCATALOG_COMPILER_GLOBAL_ACCENT_COLOR_NAME = AccentColor;
				CODE_SIGN_IDENTITY = "iPhone Developer";
				INFOPLIST_FILE = SimpleNotes/Resources/Info.plist;
				LD_RUNPATH_SEARCH_PATHS = (
					"$(inherited)",
					"@executable_path/Frameworks",
				);
				PRODUCT_BUNDLE_IDENTIFIER = com.simplesuite.notes;
				SDKROOT = iphoneos;
				SUPPORTS_MACCATALYST = NO;
				TARGETED_DEVICE_FAMILY = "1,2";
			};
			name = Release;
		};
/* End XCBuildConfiguration section */

/* Begin XCConfigurationList section */
		0313DF411CFB863E933556CE /* Build configuration list for PBXProject "SimpleNotes" */ = {
			isa = XCConfigurationList;
			buildConfigurations = (
				FBE64970D53DFD8BD53CC0C8 /* Debug */,
				6887526CB4767477983693B3 /* Release */,
			);
			defaultConfigurationIsVisible = 0;
			defaultConfigurationName = Debug;
		};
		609971A5F70F2292F390FC93 /* Build configuration list for PBXNativeTarget "SimpleNotes" */ = {
			isa = XCConfigurationList;
			buildConfigurations = (
				79C4482752546478C9BDC2EE /* Debug */,
				FDE7B3F1C2348FDA73B417D2 /* Release */,
			);
			defaultConfigurationIsVisible = 0;
			defaultConfigurationName = Debug;
		};
		F14CECF8986C3129417C3BBA /* Build configuration list for PBXNativeTarget "SimpleNotesTests" */ = {
			isa = XCConfigurationList;
			buildConfigurations = (
				64B5A7BC2D2213F69FD891EC /* Debug */,
				424CDA5927FFF07FA6043112 /* Release */,
			);
			defaultConfigurationIsVisible = 0;
			defaultConfigurationName = Debug;
		};
/* End XCConfigurationList section */
	};
	rootObject = 949F6D0E7EC9F7084025AD7E /* Project object */;
}
